
Microsoft Visual Studio Solution File, Format Version 12.00
# Visual Studio 2012
Project("{FAE04EC0-301F-11D3-BF4B-00C04F79EFBC}") = "DataShowSpike", "MvcApplication1\DataShowSpike.csproj", "{B631AF01-D659-45DC-8077-C48094776950}"
EndProject
Project("{2150E333-8FDC-42A3-9474-1A3956D46DE8}") = "Solution Items", "Solution Items", "{580CBBDB-B079-4A11-A92B-8578AED9AF11}"
	ProjectSection(SolutionItems) = preProject
		WE-browsers.xml = WE-browsers.xml
	EndProjectSection
EndProject
Global
	GlobalSection(SolutionConfigurationPlatforms) = preSolution
		Debug|Any CPU = Debug|Any CPU
		Release|Any CPU = Release|Any CPU
	EndGlobalSection
	GlobalSection(ProjectConfigurationPlatforms) = postSolution
		{B631AF01-D659-45DC-8077-C48094776950}.Debug|Any CPU.ActiveCfg = Debug|Any CPU
		{B631AF01-D659-45DC-8077-C48094776950}.Debug|Any CPU.Build.0 = Debug|Any CPU
		{B631AF01-D659-45DC-8077-C48094776950}.Release|Any CPU.ActiveCfg = Release|Any CPU
		{B631AF01-D659-45DC-8077-C48094776950}.Release|Any CPU.Build.0 = Release|Any CPU
	EndGlobalSection
	GlobalSection(SolutionProperties) = preSolution
		HideSolutionNode = FALSE
	EndGlobalSection
EndGlobal
